
Microsoft Visual Studio Solution File, Format Version 12.00
# Visual Studio 15
VisualStudioVersion = 15.0.27703.2026
MinimumVisualStudioVersion = 10.0.40219.1
Project("{FAE04EC0-301F-11D3-BF4B-00C04F79EFBC}") = "PracticaEncapsulamiento", "PracticaEncapsulamiento\PracticaEncapsulamiento.csproj", "{426CE954-858A-4573-AAB7-BC280171D382}"
EndProject
Global
	GlobalSection(SolutionConfigurationPlatforms) = preSolution
		Debug|Any CPU = Debug|Any CPU
		Release|Any CPU = Release|Any CPU
	EndGlobalSection
	GlobalSection(ProjectConfigurationPlatforms) = postSolution
		{426CE954-858A-4573-AAB7-BC280171D382}.Debug|Any CPU.ActiveCfg = Debug|Any CPU
		{426CE954-858A-4573-AAB7-BC280171D382}.Debug|Any CPU.Build.0 = Debug|Any CPU
		{426CE954-858A-4573-AAB7-BC280171D382}.Release|Any CPU.ActiveCfg = Release|Any CPU
		{426CE954-858A-4573-AAB7-BC280171D382}.Release|Any CPU.Build.0 = Release|Any CPU
	EndGlobalSection
	GlobalSection(SolutionProperties) = preSolution
		HideSolutionNode = FALSE
	EndGlobalSection
	GlobalSection(ExtensibilityGlobals) = postSolution
		SolutionGuid = {34D1C943-ADAA-4FBF-B20C-C9D99EAC388C}
	EndGlobalSection
EndGlobal
